// !$*UTF8*$!
{
	archiveVersion = 1;
	classes = {
	};
	objectVersion = 50;
	objects = {

/* Begin PBXBuildFile section */
		BFCC01D1236F4C9B004EE0A1 /* AppDelegate.swift in Sources */ = {isa = PBXBuildFile; fileRef = BFCC01D0236F4C9B004EE0A1 /* AppDelegate.swift */; };
		BFCC01D3236F4C9B004EE0A1 /* SceneDelegate.swift in Sources */ = {isa = PBXBuildFile; fileRef = BFCC01D2236F4C9B004EE0A1 /* SceneDelegate.swift */; };
		BFCC01D5236F4C9B004EE0A1 /* ExampleViewController.swift in Sources */ = {isa = PBXBuildFile; fileRef = BFCC01D4236F4C9B004EE0A1 /* ExampleViewController.swift */; };
		BFCC01DA236F4C9D004EE0A1 /* Assets.xcassets in Resources */ = {isa = PBXBuildFile; fileRef = BFCC01D9236F4C9D004EE0A1 /* Assets.xcassets */; };
		BFCC01DD236F4C9D004EE0A1 /* LaunchScreen.storyboard in Resources */ = {isa = PBXBuildFile; fileRef = BFCC01DB236F4C9D004EE0A1 /* LaunchScreen.storyboard */; };
		BFCC01E5236F4E47004EE0A1 /* Main.storyboard in Resources */ = {isa = PBXBuildFile; fileRef = BFCC01E4236F4E47004EE0A1 /* Main.storyboard */; };
		BFCC01E8236F4EC0004EE0A1 /* Composed.framework in Frameworks */ = {isa = PBXBuildFile; fileRef = BFCC01E7236F4EC0004EE0A1 /* Composed.framework */; };
		BFCC01E9236F4EC0004EE0A1 /* Composed.framework in Embed Frameworks */ = {isa = PBXBuildFile; fileRef = BFCC01E7236F4EC0004EE0A1 /* Composed.framework */; settings = {ATTRIBUTES = (CodeSignOnCopy, RemoveHeadersOnCopy, ); }; };
		BFCC01ED236F4FA7004EE0A1 /* UIViewControllerPreview.swift in Sources */ = {isa = PBXBuildFile; fileRef = BFCC01EB236F4FA7004EE0A1 /* UIViewControllerPreview.swift */; };
		BFCC01EE236F4FA7004EE0A1 /* UIViewPreview.swift in Sources */ = {isa = PBXBuildFile; fileRef = BFCC01EC236F4FA7004EE0A1 /* UIViewPreview.swift */; };
/* End PBXBuildFile section */

/* Begin PBXCopyFilesBuildPhase section */
		BFCC01EA236F4EC0004EE0A1 /* Embed Frameworks */ = {
			isa = PBXCopyFilesBuildPhase;
			buildActionMask = 2147483647;
			dstPath = "";
			dstSubfolderSpec = 10;
			files = (
				BFCC01E9236F4EC0004EE0A1 /* Composed.framework in Embed Frameworks */,
			);
			name = "Embed Frameworks";
			runOnlyForDeploymentPostprocessing = 0;
		};
/* End PBXCopyFilesBuildPhase section */

/* Begin PBXFileReference section */
		BFCC01CD236F4C9B004EE0A1 /* ComposedExample.app */ = {isa = PBXFileReference; explicitFileType = wrapper.application; includeInIndex = 0; path = ComposedExample.app; sourceTree = BUILT_PRODUCTS_DIR; };
		BFCC01D0236F4C9B004EE0A1 /* AppDelegate.swift */ = {isa = PBXFileReference; lastKnownFileType = sourcecode.swift; path = AppDelegate.swift; sourceTree = "<group>"; };
		BFCC01D2236F4C9B004EE0A1 /* SceneDelegate.swift */ = {isa = PBXFileReference; lastKnownFileType = sourcecode.swift; path = SceneDelegate.swift; sourceTree = "<group>"; };
		BFCC01D4236F4C9B004EE0A1 /* ExampleViewController.swift */ = {isa = PBXFileReference; lastKnownFileType = sourcecode.swift; path = ExampleViewController.swift; sourceTree = "<group>"; };
		BFCC01D9236F4C9D004EE0A1 /* Assets.xcassets */ = {isa = PBXFileReference; lastKnownFileType = folder.assetcatalog; path = Assets.xcassets; sourceTree = "<group>"; };
		BFCC01DC236F4C9D004EE0A1 /* Base */ = {isa = PBXFileReference; lastKnownFileType = file.storyboard; name = Base; path = Base.lproj/LaunchScreen.storyboard; sourceTree = "<group>"; };
		BFCC01DE236F4C9D004EE0A1 /* Info.plist */ = {isa = PBXFileReference; lastKnownFileType = text.plist.xml; path = Info.plist; sourceTree = "<group>"; };
		BFCC01E4236F4E47004EE0A1 /* Main.storyboard */ = {isa = PBXFileReference; lastKnownFileType = file.storyboard; path = Main.storyboard; sourceTree = "<group>"; };
		BFCC01E7236F4EC0004EE0A1 /* Composed.framework */ = {isa = PBXFileReference; explicitFileType = wrapper.framework; path = Composed.framework; sourceTree = BUILT_PRODUCTS_DIR; };
		BFCC01EB236F4FA7004EE0A1 /* UIViewControllerPreview.swift */ = {isa = PBXFileReference; lastKnownFileType = sourcecode.swift; path = UIViewControllerPreview.swift; sourceTree = "<group>"; };
		BFCC01EC236F4FA7004EE0A1 /* UIViewPreview.swift */ = {isa = PBXFileReference; lastKnownFileType = sourcecode.swift; path = UIViewPreview.swift; sourceTree = "<group>"; };
/* End PBXFileReference section */

/* Begin PBXFrameworksBuildPhase section */
		BFCC01CA236F4C9B004EE0A1 /* Frameworks */ = {
			isa = PBXFrameworksBuildPhase;
			buildActionMask = 2147483647;
			files = (
				BFCC01E8236F4EC0004EE0A1 /* Composed.framework in Frameworks */,
			);
			runOnlyForDeploymentPostprocessing = 0;
		};
/* End PBXFrameworksBuildPhase section */

/* Begin PBXGroup section */
		BFCC01C4236F4C9B004EE0A1 = {
			isa = PBXGroup;
			children = (
				BFCC01CF236F4C9B004EE0A1 /* ComposedExample */,
				BFCC01CE236F4C9B004EE0A1 /* Products */,
				BFCC01E6236F4EC0004EE0A1 /* Frameworks */,
			);
			sourceTree = "<group>";
		};
		BFCC01CE236F4C9B004EE0A1 /* Products */ = {
			isa = PBXGroup;
			children = (
				BFCC01CD236F4C9B004EE0A1 /* ComposedExample.app */,
			);
			name = Products;
			sourceTree = "<group>";
		};
		BFCC01CF236F4C9B004EE0A1 /* ComposedExample */ = {
			isa = PBXGroup;
			children = (
				BFCC01D0236F4C9B004EE0A1 /* AppDelegate.swift */,
				BFCC01D2236F4C9B004EE0A1 /* SceneDelegate.swift */,
				BFCC01E4236F4E47004EE0A1 /* Main.storyboard */,
				BFCC01D4236F4C9B004EE0A1 /* ExampleViewController.swift */,
				BFCC01EB236F4FA7004EE0A1 /* UIViewControllerPreview.swift */,
				BFCC01EC236F4FA7004EE0A1 /* UIViewPreview.swift */,
				BFCC01D9236F4C9D004EE0A1 /* Assets.xcassets */,
				BFCC01DB236F4C9D004EE0A1 /* LaunchScreen.storyboard */,
				BFCC01DE236F4C9D004EE0A1 /* Info.plist */,
			);
			path = ComposedExample;
			sourceTree = "<group>";
		};
		BFCC01E6236F4EC0004EE0A1 /* Frameworks */ = {
			isa = PBXGroup;
			children = (
				BFCC01E7236F4EC0004EE0A1 /* Composed.framework */,
			);
			name = Frameworks;
			sourceTree = "<group>";
		};
/* End PBXGroup section */

/* Begin PBXNativeTarget section */
		BFCC01CC236F4C9B004EE0A1 /* ComposedExample */ = {
			isa = PBXNativeTarget;
			buildConfigurationList = BFCC01E1236F4C9D004EE0A1 /* Build configuration list for PBXNativeTarget "ComposedExample" */;
			buildPhases = (
				BFCC01C9236F4C9B004EE0A1 /* Sources */,
				BFCC01CA236F4C9B004EE0A1 /* Frameworks */,
				BFCC01CB236F4C9B004EE0A1 /* Resources */,
				BFCC01EA236F4EC0004EE0A1 /* Embed Frameworks */,
			);
			buildRules = (
			);
			dependencies = (
			);
			name = ComposedExample;
			productName = ComposedExample;
			productReference = BFCC01CD236F4C9B004EE0A1 /* ComposedExample.app */;
			productType = "com.apple.product-type.application";
		};
/* End PBXNativeTarget section */

/* Begin PBXProject section */
		BFCC01C5236F4C9B004EE0A1 /* Project object */ = {
			isa = PBXProject;
			attributes = {
				LastSwiftUpdateCheck = 1110;
				LastUpgradeCheck = 1110;
				ORGANIZATIONNAME = "Zoe Van Brunt";
				TargetAttributes = {
					BFCC01CC236F4C9B004EE0A1 = {
						CreatedOnToolsVersion = 11.1;
					};
				};
			};
			buildConfigurationList = BFCC01C8236F4C9B004EE0A1 /* Build configuration list for PBXProject "ComposedExample" */;
			compatibilityVersion = "Xcode 9.3";
			developmentRegion = en;
			hasScannedForEncodings = 0;
			knownRegions = (
				en,
				Base,
			);
			mainGroup = BFCC01C4236F4C9B004EE0A1;
			productRefGroup = BFCC01CE236F4C9B004EE0A1 /* Products */;
			projectDirPath = "";
			projectRoot = "";
			targets = (
				BFCC01CC236F4C9B004EE0A1 /* ComposedExample */,
			);
		};
/* End PBXProject section */

/* Begin PBXResourcesBuildPhase section */
		BFCC01CB236F4C9B004EE0A1 /* Resources */ = {
			isa = PBXResourcesBuildPhase;
			buildActionMask = 2147483647;
			files = (
				BFCC01E5236F4E47004EE0A1 /* Main.storyboard in Resources */,
				BFCC01DD236F4C9D004EE0A1 /* LaunchScreen.storyboard in Resources */,
				BFCC01DA236F4C9D004EE0A1 /* Assets.xcassets in Resources */,
			);
			runOnlyForDeploymentPostprocessing = 0;
		};
/* End PBXResourcesBuildPhase section */

/* Begin PBXSourcesBuildPhase section */
		BFCC01C9236F4C9B004EE0A1 /* Sources */ = {
			isa = PBXSourcesBuildPhase;
			buildActionMask = 2147483647;
			files = (
				BFCC01EE236F4FA7004EE0A1 /* UIViewPreview.swift in Sources */,
				BFCC01D5236F4C9B004EE0A1 /* ExampleViewController.swift in Sources */,
				BFCC01D1236F4C9B004EE0A1 /* AppDelegate.swift in Sources */,
				BFCC01D3236F4C9B004EE0A1 /* SceneDelegate.swift in Sources */,
				BFCC01ED236F4FA7004EE0A1 /* UIViewControllerPreview.swift in Sources */,
			);
			runOnlyForDeploymentPostprocessing = 0;
		};
/* End PBXSourcesBuildPhase section */

/* Begin PBXVariantGroup section */
		BFCC01DB236F4C9D004EE0A1 /* LaunchScreen.storyboard */ = {
			isa = PBXVariantGroup;
			children = (
				BFCC01DC236F4C9D004EE0A1 /* Base */,
			);
			name = LaunchScreen.storyboard;
			sourceTree = "<group>";
		};
/* End PBXVariantGroup section */

/* Begin XCBuildConfiguration section */
		BFCC01DF236F4C9D004EE0A1 /* Debug */ = {
			isa = XCBuildConfiguration;
			buildSettings = {
				ALWAYS_SEARCH_USER_PATHS = NO;
				CLANG_ANALYZER_NONNULL = YES;
				CLANG_ANALYZER_NUMBER_OBJECT_CONVERSION = YES_AGGRESSIVE;
				CLANG_CXX_LANGUAGE_STANDARD = "gnu++14";
				CLANG_CXX_LIBRARY = "libc++";
				CLANG_ENABLE_MODULES = YES;
				CLANG_ENABLE_OBJC_ARC = YES;
				CLANG_ENABLE_OBJC_WEAK = YES;
				CLANG_WARN_BLOCK_CAPTURE_AUTORELEASING = YES;
				CLANG_WARN_BOOL_CONVERSION = YES;
				CLANG_WARN_COMMA = YES;
				CLANG_WARN_CONSTANT_CONVERSION = YES;
				CLANG_WARN_DEPRECATED_OBJC_IMPLEMENTATIONS = YES;
				CLANG_WARN_DIRECT_OBJC_ISA_USAGE = YES_ERROR;
				CLANG_WARN_DOCUMENTATION_COMMENTS = YES;
				CLANG_WARN_EMPTY_BODY = YES;
				CLANG_WARN_ENUM_CONVERSION = YES;
				CLANG_WARN_INFINITE_RECURSION = YES;
				CLANG_WARN_INT_CONVERSION = YES;
				CLANG_WARN_NON_LITERAL_NULL_CONVERSION = YES;
				CLANG_WARN_OBJC_IMPLICIT_RETAIN_SELF = YES;
				CLANG_WARN_OBJC_LITERAL_CONVERSION = YES;
				CLANG_WARN_OBJC_ROOT_CLASS = YES_ERROR;
				CLANG_WARN_RANGE_LOOP_ANALYSIS = YES;
				CLANG_WARN_STRICT_PROTOTYPES = YES;
				CLANG_WARN_SUSPICIOUS_MOVE = YES;
				CLANG_WARN_UNGUARDED_AVAILABILITY = YES_AGGRESSIVE;
				CLANG_WARN_UNREACHABLE_CODE = YES;
				CLANG_WARN__DUPLICATE_METHOD_MATCH = YES;
				COPY_PHASE_STRIP = NO;
				DEBUG_INFORMATION_FORMAT = dwarf;
				ENABLE_STRICT_OBJC_MSGSEND = YES;
				ENABLE_TESTABILITY = YES;
				GCC_C_LANGUAGE_STANDARD = gnu11;
				GCC_DYNAMIC_NO_PIC = NO;
				GCC_NO_COMMON_BLOCKS = YES;
				GCC_OPTIMIZATION_LEVEL = 0;
				GCC_PREPROCESSOR_DEFINITIONS = (
					"DEBUG=1",
					"$(inherited)",
				);
				GCC_WARN_64_TO_32_BIT_CONVERSION = YES;
				GCC_WARN_ABOUT_RETURN_TYPE = YES_ERROR;
				GCC_WARN_UNDECLARED_SELECTOR = YES;
				GCC_WARN_UNINITIALIZED_AUTOS = YES_AGGRESSIVE;
				GCC_WARN_UNUSED_FUNCTION = YES;
				GCC_WARN_UNUSED_VARIABLE = YES;
				IPHONEOS_DEPLOYMENT_TARGET = 13.1;
				MTL_ENABLE_DEBUG_INFO = INCLUDE_SOURCE;
				MTL_FAST_MATH = YES;
				ONLY_ACTIVE_ARCH = YES;
				SDKROOT = iphoneos;
				SWIFT_ACTIVE_COMPILATION_CONDITIONS = DEBUG;
				SWIFT_OPTIMIZATION_LEVEL = "-Onone";
			};
			name = Debug;
		};
		BFCC01E0236F4C9D004EE0A1 /* Release */ = {
			isa = XCBuildConfiguration;
			buildSettings = {
				ALWAYS_SEARCH_USER_PATHS = NO;
				CLANG_ANALYZER_NONNULL = YES;
				CLANG_ANALYZER_NUMBER_OBJECT_CONVERSION = YES_AGGRESSIVE;
				CLANG_CXX_LANGUAGE_STANDARD = "gnu++14";
				CLANG_CXX_LIBRARY = "libc++";
				CLANG_ENABLE_MODULES = YES;
				CLANG_ENABLE_OBJC_ARC = YES;
				CLANG_ENABLE_OBJC_WEAK = YES;
				CLANG_WARN_BLOCK_CAPTURE_AUTORELEASING = YES;
				CLANG_WARN_BOOL_CONVERSION = YES;
				CLANG_WARN_COMMA = YES;
				CLANG_WARN_CONSTANT_CONVERSION = YES;
				CLANG_WARN_DEPRECATED_OBJC_IMPLEMENTATIONS = YES;
				CLANG_WARN_DIRECT_OBJC_ISA_USAGE = YES_ERROR;
				CLANG_WARN_DOCUMENTATION_COMMENTS = YES;
				CLANG_WARN_EMPTY_BODY = YES;
				CLANG_WARN_ENUM_CONVERSION = YES;
				CLANG_WARN_INFINITE_RECURSION = YES;
				CLANG_WARN_INT_CONVERSION = YES;
				CLANG_WARN_NON_LITERAL_NULL_CONVERSION = YES;
				CLANG_WARN_OBJC_IMPLICIT_RETAIN_SELF = YES;
				CLANG_WARN_OBJC_LITERAL_CONVERSION = YES;
				CLANG_WARN_OBJC_ROOT_CLASS = YES_ERROR;
				CLANG_WARN_RANGE_LOOP_ANALYSIS = YES;
				CLANG_WARN_STRICT_PROTOTYPES = YES;
				CLANG_WARN_SUSPICIOUS_MOVE = YES;
				CLANG_WARN_UNGUARDED_AVAILABILITY = YES_AGGRESSIVE;
				CLANG_WARN_UNREACHABLE_CODE = YES;
				CLANG_WARN__DUPLICATE_METHOD_MATCH = YES;
				COPY_PHASE_STRIP = NO;
				DEBUG_INFORMATION_FORMAT = "dwarf-with-dsym";
				ENABLE_NS_ASSERTIONS = NO;
				ENABLE_STRICT_OBJC_MSGSEND = YES;
				GCC_C_LANGUAGE_STANDARD = gnu11;
				GCC_NO_COMMON_BLOCKS = YES;
				GCC_WARN_64_TO_32_BIT_CONVERSION = YES;
				GCC_WARN_ABOUT_RETURN_TYPE = YES_ERROR;
				GCC_WARN_UNDECLARED_SELECTOR = YES;
				GCC_WARN_UNINITIALIZED_AUTOS = YES_AGGRESSIVE;
				GCC_WARN_UNUSED_FUNCTION = YES;
				GCC_WARN_UNUSED_VARIABLE = YES;
				IPHONEOS_DEPLOYMENT_TARGET = 13.1;
				MTL_ENABLE_DEBUG_INFO = NO;
				MTL_FAST_MATH = YES;
				SDKROOT = iphoneos;
				SWIFT_COMPILATION_MODE = wholemodule;
				SWIFT_OPTIMIZATION_LEVEL = "-O";
				VALIDATE_PRODUCT = YES;
			};
			name = Release;
		};
		BFCC01E2236F4C9D004EE0A1 /* Debug */ = {
			isa = XCBuildConfiguration;
			buildSettings = {
				ASSETCATALOG_COMPILER_APPICON_NAME = AppIcon;
				CODE_SIGN_STYLE = Automatic;
				DEVELOPMENT_TEAM = DQ84298H37;
				INFOPLIST_FILE = ComposedExample/Info.plist;
				LD_RUNPATH_SEARCH_PATHS = (
					"$(inherited)",
					"@executable_path/Frameworks",
				);
				PRODUCT_BUNDLE_IDENTIFIER = io.zvb.ComposedExample;
				PRODUCT_NAME = "$(TARGET_NAME)";
				SWIFT_VERSION = 5.0;
				TARGETED_DEVICE_FAMILY = "1,2";
			};
			name = Debug;
		};
		BFCC01E3236F4C9D004EE0A1 /* Release */ = {
			isa = XCBuildConfiguration;
			buildSettings = {
				ASSETCATALOG_COMPILER_APPICON_NAME = AppIcon;
				CODE_SIGN_STYLE = Automatic;
				DEVELOPMENT_TEAM = DQ84298H37;
				INFOPLIST_FILE = ComposedExample/Info.plist;
				LD_RUNPATH_SEARCH_PATHS = (
					"$(inherited)",
					"@executable_path/Frameworks",
				);
				PRODUCT_BUNDLE_IDENTIFIER = io.zvb.ComposedExample;
				PRODUCT_NAME = "$(TARGET_NAME)";
				SWIFT_VERSION = 5.0;
				TARGETED_DEVICE_FAMILY = "1,2";
			};
			name = Release;
		};
/* End XCBuildConfiguration section */

/* Begin XCConfigurationList section */
		BFCC01C8236F4C9B004EE0A1 /* Build configuration list for PBXProject "ComposedExample" */ = {
			isa = XCConfigurationList;
			buildConfigurations = (
				BFCC01DF236F4C9D004EE0A1 /* Debug */,
				BFCC01E0236F4C9D004EE0A1 /* Release */,
			);
			defaultConfigurationIsVisible = 0;
			defaultConfigurationName = Release;
		};
		BFCC01E1236F4C9D004EE0A1 /* Build configuration list for PBXNativeTarget "ComposedExample" */ = {
			isa = XCConfigurationList;
			buildConfigurations = (
				BFCC01E2236F4C9D004EE0A1 /* Debug */,
				BFCC01E3236F4C9D004EE0A1 /* Release */,
			);
			defaultConfigurationIsVisible = 0;
			defaultConfigurationName = Release;
		};
/* End XCConfigurationList section */
	};
	rootObject = BFCC01C5236F4C9B004EE0A1 /* Project object */;
}
