// !$*UTF8*$!
{
	archiveVersion = 1;
	classes = {
	};
	objectVersion = 50;
	objects = {

/* Begin PBXBuildFile section */
		BFB3C86923709A70007B72D5 /* CGPoint+Composed.swift in Sources */ = {isa = PBXBuildFile; fileRef = BFB3C86823709A70007B72D5 /* CGPoint+Composed.swift */; };
		BFB3C86D2370B155007B72D5 /* UIView+Composed.swift in Sources */ = {isa = PBXBuildFile; fileRef = BFB3C86C2370B155007B72D5 /* UIView+Composed.swift */; };
		BFCC0186236F3984004EE0A1 /* Composed.framework in Frameworks */ = {isa = PBXBuildFile; fileRef = BFCC017C236F3983004EE0A1 /* Composed.framework */; };
		BFCC018B236F3984004EE0A1 /* Tests.swift in Sources */ = {isa = PBXBuildFile; fileRef = BFCC018A236F3984004EE0A1 /* Tests.swift */; };
		BFCC018D236F3984004EE0A1 /* Composed.h in Headers */ = {isa = PBXBuildFile; fileRef = BFCC017F236F3983004EE0A1 /* Composed.h */; settings = {ATTRIBUTES = (Public, ); }; };
		BFCC019A236F3C82004EE0A1 /* CGSize+Composed.swift in Sources */ = {isa = PBXBuildFile; fileRef = BFCC0199236F3C82004EE0A1 /* CGSize+Composed.swift */; };
		BFCC019E236F3EB3004EE0A1 /* Corner.swift in Sources */ = {isa = PBXBuildFile; fileRef = BFCC019D236F3EB3004EE0A1 /* Corner.swift */; };
		BFCC01F0236F510A004EE0A1 /* CGRect+Composed.swift in Sources */ = {isa = PBXBuildFile; fileRef = BFCC01EF236F510A004EE0A1 /* CGRect+Composed.swift */; };
		BFE8E7302372040E0045589B /* Composed.podspec in Resources */ = {isa = PBXBuildFile; fileRef = BFE8E72F2372040E0045589B /* Composed.podspec */; };
		BFE8E732237205750045589B /* LICENSE in Resources */ = {isa = PBXBuildFile; fileRef = BFE8E731237205750045589B /* LICENSE */; };
/* End PBXBuildFile section */

/* Begin PBXContainerItemProxy section */
		BFCC0187236F3984004EE0A1 /* PBXContainerItemProxy */ = {
			isa = PBXContainerItemProxy;
			containerPortal = BFCC0173236F3983004EE0A1 /* Project object */;
			proxyType = 1;
			remoteGlobalIDString = BFCC017B236F3983004EE0A1;
			remoteInfo = Composed;
		};
/* End PBXContainerItemProxy section */

/* Begin PBXFileReference section */
		BFB3C86823709A70007B72D5 /* CGPoint+Composed.swift */ = {isa = PBXFileReference; lastKnownFileType = sourcecode.swift; path = "CGPoint+Composed.swift"; sourceTree = "<group>"; };
		BFB3C86C2370B155007B72D5 /* UIView+Composed.swift */ = {isa = PBXFileReference; lastKnownFileType = sourcecode.swift; path = "UIView+Composed.swift"; sourceTree = "<group>"; };
		BFCC017C236F3983004EE0A1 /* Composed.framework */ = {isa = PBXFileReference; explicitFileType = wrapper.framework; includeInIndex = 0; path = Composed.framework; sourceTree = BUILT_PRODUCTS_DIR; };
		BFCC017F236F3983004EE0A1 /* Composed.h */ = {isa = PBXFileReference; lastKnownFileType = sourcecode.c.h; path = Composed.h; sourceTree = "<group>"; };
		BFCC0180236F3983004EE0A1 /* Info.plist */ = {isa = PBXFileReference; lastKnownFileType = text.plist.xml; path = Info.plist; sourceTree = "<group>"; };
		BFCC0185236F3984004EE0A1 /* ComposedTests.xctest */ = {isa = PBXFileReference; explicitFileType = wrapper.cfbundle; includeInIndex = 0; path = ComposedTests.xctest; sourceTree = BUILT_PRODUCTS_DIR; };
		BFCC018A236F3984004EE0A1 /* Tests.swift */ = {isa = PBXFileReference; lastKnownFileType = sourcecode.swift; path = Tests.swift; sourceTree = "<group>"; };
		BFCC018C236F3984004EE0A1 /* Info.plist */ = {isa = PBXFileReference; lastKnownFileType = text.plist.xml; path = Info.plist; sourceTree = "<group>"; };
		BFCC0199236F3C82004EE0A1 /* CGSize+Composed.swift */ = {isa = PBXFileReference; lastKnownFileType = sourcecode.swift; path = "CGSize+Composed.swift"; sourceTree = "<group>"; };
		BFCC019D236F3EB3004EE0A1 /* Corner.swift */ = {isa = PBXFileReference; lastKnownFileType = sourcecode.swift; path = Corner.swift; sourceTree = "<group>"; };
		BFCC01EF236F510A004EE0A1 /* CGRect+Composed.swift */ = {isa = PBXFileReference; lastKnownFileType = sourcecode.swift; path = "CGRect+Composed.swift"; sourceTree = "<group>"; };
		BFE8E72F2372040E0045589B /* Composed.podspec */ = {isa = PBXFileReference; fileEncoding = 4; lastKnownFileType = text; path = Composed.podspec; sourceTree = "<group>"; };
		BFE8E731237205750045589B /* LICENSE */ = {isa = PBXFileReference; lastKnownFileType = text; path = LICENSE; sourceTree = "<group>"; };
		BFE8E733237207290045589B /* README.md */ = {isa = PBXFileReference; lastKnownFileType = net.daringfireball.markdown; name = README.md; path = /Users/zvb/Documents/Code/Swift/Composed/README.md; sourceTree = "<absolute>"; };
		BFE8E7342372079A0045589B /* relational.png */ = {isa = PBXFileReference; lastKnownFileType = image.png; path = relational.png; sourceTree = "<group>"; };
/* End PBXFileReference section */

/* Begin PBXFrameworksBuildPhase section */
		BFCC0179236F3983004EE0A1 /* Frameworks */ = {
			isa = PBXFrameworksBuildPhase;
			buildActionMask = 2147483647;
			files = (
			);
			runOnlyForDeploymentPostprocessing = 0;
		};
		BFCC0182236F3984004EE0A1 /* Frameworks */ = {
			isa = PBXFrameworksBuildPhase;
			buildActionMask = 2147483647;
			files = (
				BFCC0186236F3984004EE0A1 /* Composed.framework in Frameworks */,
			);
			runOnlyForDeploymentPostprocessing = 0;
		};
/* End PBXFrameworksBuildPhase section */

/* Begin PBXGroup section */
		BFCC0172236F3983004EE0A1 = {
			isa = PBXGroup;
			children = (
				BFE8E733237207290045589B /* README.md */,
				BFE8E7352372079A0045589B /* img */,
				BFE8E72F2372040E0045589B /* Composed.podspec */,
				BFE8E731237205750045589B /* LICENSE */,
				BFCC017E236F3983004EE0A1 /* Composed */,
				BFCC0189236F3984004EE0A1 /* ComposedTests */,
				BFCC017D236F3983004EE0A1 /* Products */,
			);
			sourceTree = "<group>";
		};
		BFCC017D236F3983004EE0A1 /* Products */ = {
			isa = PBXGroup;
			children = (
				BFCC017C236F3983004EE0A1 /* Composed.framework */,
				BFCC0185236F3984004EE0A1 /* ComposedTests.xctest */,
			);
			name = Products;
			sourceTree = "<group>";
		};
		BFCC017E236F3983004EE0A1 /* Composed */ = {
			isa = PBXGroup;
			children = (
				BFCC017F236F3983004EE0A1 /* Composed.h */,
				BFCC01EF236F510A004EE0A1 /* CGRect+Composed.swift */,
				BFCC0199236F3C82004EE0A1 /* CGSize+Composed.swift */,
				BFB3C86823709A70007B72D5 /* CGPoint+Composed.swift */,
				BFB3C86C2370B155007B72D5 /* UIView+Composed.swift */,
				BFCC019D236F3EB3004EE0A1 /* Corner.swift */,
				BFCC0180236F3983004EE0A1 /* Info.plist */,
			);
			path = Composed;
			sourceTree = "<group>";
		};
		BFCC0189236F3984004EE0A1 /* ComposedTests */ = {
			isa = PBXGroup;
			children = (
				BFCC018A236F3984004EE0A1 /* Tests.swift */,
				BFCC018C236F3984004EE0A1 /* Info.plist */,
			);
			path = ComposedTests;
			sourceTree = "<group>";
		};
		BFE8E7352372079A0045589B /* img */ = {
			isa = PBXGroup;
			children = (
				BFE8E7342372079A0045589B /* relational.png */,
			);
			name = img;
			path = /Users/zvb/Documents/Code/Swift/Composed/img;
			sourceTree = "<absolute>";
		};
/* End PBXGroup section */

/* Begin PBXHeadersBuildPhase section */
		BFCC0177236F3983004EE0A1 /* Headers */ = {
			isa = PBXHeadersBuildPhase;
			buildActionMask = 2147483647;
			files = (
				BFCC018D236F3984004EE0A1 /* Composed.h in Headers */,
			);
			runOnlyForDeploymentPostprocessing = 0;
		};
/* End PBXHeadersBuildPhase section */

/* Begin PBXNativeTarget section */
		BFCC017B236F3983004EE0A1 /* Composed */ = {
			isa = PBXNativeTarget;
			buildConfigurationList = BFCC0190236F3984004EE0A1 /* Build configuration list for PBXNativeTarget "Composed" */;
			buildPhases = (
				BFCC0177236F3983004EE0A1 /* Headers */,
				BFCC0178236F3983004EE0A1 /* Sources */,
				BFCC0179236F3983004EE0A1 /* Frameworks */,
				BFCC017A236F3983004EE0A1 /* Resources */,
			);
			buildRules = (
			);
			dependencies = (
			);
			name = Composed;
			productName = Composed;
			productReference = BFCC017C236F3983004EE0A1 /* Composed.framework */;
			productType = "com.apple.product-type.framework";
		};
		BFCC0184236F3984004EE0A1 /* ComposedTests */ = {
			isa = PBXNativeTarget;
			buildConfigurationList = BFCC0193236F3984004EE0A1 /* Build configuration list for PBXNativeTarget "ComposedTests" */;
			buildPhases = (
				BFCC0181236F3984004EE0A1 /* Sources */,
				BFCC0182236F3984004EE0A1 /* Frameworks */,
				BFCC0183236F3984004EE0A1 /* Resources */,
			);
			buildRules = (
			);
			dependencies = (
				BFCC0188236F3984004EE0A1 /* PBXTargetDependency */,
			);
			name = ComposedTests;
			productName = ComposedTests;
			productReference = BFCC0185236F3984004EE0A1 /* ComposedTests.xctest */;
			productType = "com.apple.product-type.bundle.unit-test";
		};
/* End PBXNativeTarget section */

/* Begin PBXProject section */
		BFCC0173236F3983004EE0A1 /* Project object */ = {
			isa = PBXProject;
			attributes = {
				LastSwiftUpdateCheck = 1110;
				LastUpgradeCheck = 1110;
				ORGANIZATIONNAME = "Zoe Van Brunt";
				TargetAttributes = {
					BFCC017B236F3983004EE0A1 = {
						CreatedOnToolsVersion = 11.1;
						LastSwiftMigration = 1110;
					};
					BFCC0184236F3984004EE0A1 = {
						CreatedOnToolsVersion = 11.1;
					};
				};
			};
			buildConfigurationList = BFCC0176236F3983004EE0A1 /* Build configuration list for PBXProject "Composed" */;
			compatibilityVersion = "Xcode 9.3";
			developmentRegion = en;
			hasScannedForEncodings = 0;
			knownRegions = (
				en,
				Base,
			);
			mainGroup = BFCC0172236F3983004EE0A1;
			productRefGroup = BFCC017D236F3983004EE0A1 /* Products */;
			projectDirPath = "";
			projectRoot = "";
			targets = (
				BFCC017B236F3983004EE0A1 /* Composed */,
				BFCC0184236F3984004EE0A1 /* ComposedTests */,
			);
		};
/* End PBXProject section */

/* Begin PBXResourcesBuildPhase section */
		BFCC017A236F3983004EE0A1 /* Resources */ = {
			isa = PBXResourcesBuildPhase;
			buildActionMask = 2147483647;
			files = (
				BFE8E732237205750045589B /* LICENSE in Resources */,
				BFE8E7302372040E0045589B /* Composed.podspec in Resources */,
			);
			runOnlyForDeploymentPostprocessing = 0;
		};
		BFCC0183236F3984004EE0A1 /* Resources */ = {
			isa = PBXResourcesBuildPhase;
			buildActionMask = 2147483647;
			files = (
			);
			runOnlyForDeploymentPostprocessing = 0;
		};
/* End PBXResourcesBuildPhase section */

/* Begin PBXSourcesBuildPhase section */
		BFCC0178236F3983004EE0A1 /* Sources */ = {
			isa = PBXSourcesBuildPhase;
			buildActionMask = 2147483647;
			files = (
				BFCC019E236F3EB3004EE0A1 /* Corner.swift in Sources */,
				BFCC01F0236F510A004EE0A1 /* CGRect+Composed.swift in Sources */,
				BFB3C86D2370B155007B72D5 /* UIView+Composed.swift in Sources */,
				BFB3C86923709A70007B72D5 /* CGPoint+Composed.swift in Sources */,
				BFCC019A236F3C82004EE0A1 /* CGSize+Composed.swift in Sources */,
			);
			runOnlyForDeploymentPostprocessing = 0;
		};
		BFCC0181236F3984004EE0A1 /* Sources */ = {
			isa = PBXSourcesBuildPhase;
			buildActionMask = 2147483647;
			files = (
				BFCC018B236F3984004EE0A1 /* Tests.swift in Sources */,
			);
			runOnlyForDeploymentPostprocessing = 0;
		};
/* End PBXSourcesBuildPhase section */

/* Begin PBXTargetDependency section */
		BFCC0188236F3984004EE0A1 /* PBXTargetDependency */ = {
			isa = PBXTargetDependency;
			target = BFCC017B236F3983004EE0A1 /* Composed */;
			targetProxy = BFCC0187236F3984004EE0A1 /* PBXContainerItemProxy */;
		};
/* End PBXTargetDependency section */

/* Begin XCBuildConfiguration section */
		BFCC018E236F3984004EE0A1 /* Debug */ = {
			isa = XCBuildConfiguration;
			buildSettings = {
				ALWAYS_SEARCH_USER_PATHS = NO;
				CLANG_ANALYZER_NONNULL = YES;
				CLANG_ANALYZER_NUMBER_OBJECT_CONVERSION = YES_AGGRESSIVE;
				CLANG_CXX_LANGUAGE_STANDARD = "gnu++14";
				CLANG_CXX_LIBRARY = "libc++";
				CLANG_ENABLE_MODULES = YES;
				CLANG_ENABLE_OBJC_ARC = YES;
				CLANG_ENABLE_OBJC_WEAK = YES;
				CLANG_WARN_BLOCK_CAPTURE_AUTORELEASING = YES;
				CLANG_WARN_BOOL_CONVERSION = YES;
				CLANG_WARN_COMMA = YES;
				CLANG_WARN_CONSTANT_CONVERSION = YES;
				CLANG_WARN_DEPRECATED_OBJC_IMPLEMENTATIONS = YES;
				CLANG_WARN_DIRECT_OBJC_ISA_USAGE = YES_ERROR;
				CLANG_WARN_DOCUMENTATION_COMMENTS = YES;
				CLANG_WARN_EMPTY_BODY = YES;
				CLANG_WARN_ENUM_CONVERSION = YES;
				CLANG_WARN_INFINITE_RECURSION = YES;
				CLANG_WARN_INT_CONVERSION = YES;
				CLANG_WARN_NON_LITERAL_NULL_CONVERSION = YES;
				CLANG_WARN_OBJC_IMPLICIT_RETAIN_SELF = YES;
				CLANG_WARN_OBJC_LITERAL_CONVERSION = YES;
				CLANG_WARN_OBJC_ROOT_CLASS = YES_ERROR;
				CLANG_WARN_RANGE_LOOP_ANALYSIS = YES;
				CLANG_WARN_STRICT_PROTOTYPES = YES;
				CLANG_WARN_SUSPICIOUS_MOVE = YES;
				CLANG_WARN_UNGUARDED_AVAILABILITY = YES_AGGRESSIVE;
				CLANG_WARN_UNREACHABLE_CODE = YES;
				CLANG_WARN__DUPLICATE_METHOD_MATCH = YES;
				COPY_PHASE_STRIP = NO;
				CURRENT_PROJECT_VERSION = 1;
				DEBUG_INFORMATION_FORMAT = dwarf;
				ENABLE_STRICT_OBJC_MSGSEND = YES;
				ENABLE_TESTABILITY = YES;
				GCC_C_LANGUAGE_STANDARD = gnu11;
				GCC_DYNAMIC_NO_PIC = NO;
				GCC_NO_COMMON_BLOCKS = YES;
				GCC_OPTIMIZATION_LEVEL = 0;
				GCC_PREPROCESSOR_DEFINITIONS = (
					"DEBUG=1",
					"$(inherited)",
				);
				GCC_WARN_64_TO_32_BIT_CONVERSION = YES;
				GCC_WARN_ABOUT_RETURN_TYPE = YES_ERROR;
				GCC_WARN_UNDECLARED_SELECTOR = YES;
				GCC_WARN_UNINITIALIZED_AUTOS = YES_AGGRESSIVE;
				GCC_WARN_UNUSED_FUNCTION = YES;
				GCC_WARN_UNUSED_VARIABLE = YES;
				IPHONEOS_DEPLOYMENT_TARGET = 8.0;
				MTL_ENABLE_DEBUG_INFO = INCLUDE_SOURCE;
				MTL_FAST_MATH = YES;
				ONLY_ACTIVE_ARCH = YES;
				SDKROOT = iphoneos;
				SWIFT_ACTIVE_COMPILATION_CONDITIONS = DEBUG;
				SWIFT_OPTIMIZATION_LEVEL = "-Onone";
				SWIFT_VERSION = 4.2;
				VERSIONING_SYSTEM = "apple-generic";
				VERSION_INFO_PREFIX = "";
			};
			name = Debug;
		};
		BFCC018F236F3984004EE0A1 /* Release */ = {
			isa = XCBuildConfiguration;
			buildSettings = {
				ALWAYS_SEARCH_USER_PATHS = NO;
				CLANG_ANALYZER_NONNULL = YES;
				CLANG_ANALYZER_NUMBER_OBJECT_CONVERSION = YES_AGGRESSIVE;
				CLANG_CXX_LANGUAGE_STANDARD = "gnu++14";
				CLANG_CXX_LIBRARY = "libc++";
				CLANG_ENABLE_MODULES = YES;
				CLANG_ENABLE_OBJC_ARC = YES;
				CLANG_ENABLE_OBJC_WEAK = YES;
				CLANG_WARN_BLOCK_CAPTURE_AUTORELEASING = YES;
				CLANG_WARN_BOOL_CONVERSION = YES;
				CLANG_WARN_COMMA = YES;
				CLANG_WARN_CONSTANT_CONVERSION = YES;
				CLANG_WARN_DEPRECATED_OBJC_IMPLEMENTATIONS = YES;
				CLANG_WARN_DIRECT_OBJC_ISA_USAGE = YES_ERROR;
				CLANG_WARN_DOCUMENTATION_COMMENTS = YES;
				CLANG_WARN_EMPTY_BODY = YES;
				CLANG_WARN_ENUM_CONVERSION = YES;
				CLANG_WARN_INFINITE_RECURSION = YES;
				CLANG_WARN_INT_CONVERSION = YES;
				CLANG_WARN_NON_LITERAL_NULL_CONVERSION = YES;
				CLANG_WARN_OBJC_IMPLICIT_RETAIN_SELF = YES;
				CLANG_WARN_OBJC_LITERAL_CONVERSION = YES;
				CLANG_WARN_OBJC_ROOT_CLASS = YES_ERROR;
				CLANG_WARN_RANGE_LOOP_ANALYSIS = YES;
				CLANG_WARN_STRICT_PROTOTYPES = YES;
				CLANG_WARN_SUSPICIOUS_MOVE = YES;
				CLANG_WARN_UNGUARDED_AVAILABILITY = YES_AGGRESSIVE;
				CLANG_WARN_UNREACHABLE_CODE = YES;
				CLANG_WARN__DUPLICATE_METHOD_MATCH = YES;
				COPY_PHASE_STRIP = NO;
				CURRENT_PROJECT_VERSION = 1;
				DEBUG_INFORMATION_FORMAT = "dwarf-with-dsym";
				ENABLE_NS_ASSERTIONS = NO;
				ENABLE_STRICT_OBJC_MSGSEND = YES;
				GCC_C_LANGUAGE_STANDARD = gnu11;
				GCC_NO_COMMON_BLOCKS = YES;
				GCC_WARN_64_TO_32_BIT_CONVERSION = YES;
				GCC_WARN_ABOUT_RETURN_TYPE = YES_ERROR;
				GCC_WARN_UNDECLARED_SELECTOR = YES;
				GCC_WARN_UNINITIALIZED_AUTOS = YES_AGGRESSIVE;
				GCC_WARN_UNUSED_FUNCTION = YES;
				GCC_WARN_UNUSED_VARIABLE = YES;
				IPHONEOS_DEPLOYMENT_TARGET = 8.0;
				MTL_ENABLE_DEBUG_INFO = NO;
				MTL_FAST_MATH = YES;
				SDKROOT = iphoneos;
				SWIFT_COMPILATION_MODE = wholemodule;
				SWIFT_OPTIMIZATION_LEVEL = "-O";
				SWIFT_VERSION = 4.2;
				VALIDATE_PRODUCT = YES;
				VERSIONING_SYSTEM = "apple-generic";
				VERSION_INFO_PREFIX = "";
			};
			name = Release;
		};
		BFCC0191236F3984004EE0A1 /* Debug */ = {
			isa = XCBuildConfiguration;
			buildSettings = {
				CLANG_ENABLE_MODULES = YES;
				CODE_SIGN_STYLE = Automatic;
				DEFINES_MODULE = YES;
				DEVELOPMENT_TEAM = DQ84298H37;
				DYLIB_COMPATIBILITY_VERSION = 1;
				DYLIB_CURRENT_VERSION = 1;
				DYLIB_INSTALL_NAME_BASE = "@rpath";
				INFOPLIST_FILE = Composed/Info.plist;
				INSTALL_PATH = "$(LOCAL_LIBRARY_DIR)/Frameworks";
				LD_RUNPATH_SEARCH_PATHS = (
					"$(inherited)",
					"@executable_path/Frameworks",
					"@loader_path/Frameworks",
				);
				MARKETING_VERSION = 0.1.0;
				PRODUCT_BUNDLE_IDENTIFIER = io.zvb.Composed;
				PRODUCT_NAME = "$(TARGET_NAME:c99extidentifier)";
				SKIP_INSTALL = YES;
				SWIFT_OPTIMIZATION_LEVEL = "-Onone";
				SWIFT_VERSION = 5.0;
				TARGETED_DEVICE_FAMILY = "1,2";
			};
			name = Debug;
		};
		BFCC0192236F3984004EE0A1 /* Release */ = {
			isa = XCBuildConfiguration;
			buildSettings = {
				CLANG_ENABLE_MODULES = YES;
				CODE_SIGN_STYLE = Automatic;
				DEFINES_MODULE = YES;
				DEVELOPMENT_TEAM = DQ84298H37;
				DYLIB_COMPATIBILITY_VERSION = 1;
				DYLIB_CURRENT_VERSION = 1;
				DYLIB_INSTALL_NAME_BASE = "@rpath";
				INFOPLIST_FILE = Composed/Info.plist;
				INSTALL_PATH = "$(LOCAL_LIBRARY_DIR)/Frameworks";
				LD_RUNPATH_SEARCH_PATHS = (
					"$(inherited)",
					"@executable_path/Frameworks",
					"@loader_path/Frameworks",
				);
				MARKETING_VERSION = 0.1.0;
				PRODUCT_BUNDLE_IDENTIFIER = io.zvb.Composed;
				PRODUCT_NAME = "$(TARGET_NAME:c99extidentifier)";
				SKIP_INSTALL = YES;
				SWIFT_VERSION = 5.0;
				TARGETED_DEVICE_FAMILY = "1,2";
			};
			name = Release;
		};
		BFCC0194236F3984004EE0A1 /* Debug */ = {
			isa = XCBuildConfiguration;
			buildSettings = {
				ALWAYS_EMBED_SWIFT_STANDARD_LIBRARIES = YES;
				CODE_SIGN_STYLE = Automatic;
				DEVELOPMENT_TEAM = DQ84298H37;
				INFOPLIST_FILE = ComposedTests/Info.plist;
				LD_RUNPATH_SEARCH_PATHS = (
					"$(inherited)",
					"@executable_path/Frameworks",
					"@loader_path/Frameworks",
				);
				PRODUCT_BUNDLE_IDENTIFIER = io.zvb.ComposedTests;
				PRODUCT_NAME = "$(TARGET_NAME)";
				SWIFT_VERSION = 5.0;
				TARGETED_DEVICE_FAMILY = "1,2";
			};
			name = Debug;
		};
		BFCC0195236F3984004EE0A1 /* Release */ = {
			isa = XCBuildConfiguration;
			buildSettings = {
				ALWAYS_EMBED_SWIFT_STANDARD_LIBRARIES = YES;
				CODE_SIGN_STYLE = Automatic;
				DEVELOPMENT_TEAM = DQ84298H37;
				INFOPLIST_FILE = ComposedTests/Info.plist;
				LD_RUNPATH_SEARCH_PATHS = (
					"$(inherited)",
					"@executable_path/Frameworks",
					"@loader_path/Frameworks",
				);
				PRODUCT_BUNDLE_IDENTIFIER = io.zvb.ComposedTests;
				PRODUCT_NAME = "$(TARGET_NAME)";
				SWIFT_VERSION = 5.0;
				TARGETED_DEVICE_FAMILY = "1,2";
			};
			name = Release;
		};
/* End XCBuildConfiguration section */

/* Begin XCConfigurationList section */
		BFCC0176236F3983004EE0A1 /* Build configuration list for PBXProject "Composed" */ = {
			isa = XCConfigurationList;
			buildConfigurations = (
				BFCC018E236F3984004EE0A1 /* Debug */,
				BFCC018F236F3984004EE0A1 /* Release */,
			);
			defaultConfigurationIsVisible = 0;
			defaultConfigurationName = Release;
		};
		BFCC0190236F3984004EE0A1 /* Build configuration list for PBXNativeTarget "Composed" */ = {
			isa = XCConfigurationList;
			buildConfigurations = (
				BFCC0191236F3984004EE0A1 /* Debug */,
				BFCC0192236F3984004EE0A1 /* Release */,
			);
			defaultConfigurationIsVisible = 0;
			defaultConfigurationName = Release;
		};
		BFCC0193236F3984004EE0A1 /* Build configuration list for PBXNativeTarget "ComposedTests" */ = {
			isa = XCConfigurationList;
			buildConfigurations = (
				BFCC0194236F3984004EE0A1 /* Debug */,
				BFCC0195236F3984004EE0A1 /* Release */,
			);
			defaultConfigurationIsVisible = 0;
			defaultConfigurationName = Release;
		};
/* End XCConfigurationList section */
	};
	rootObject = BFCC0173236F3983004EE0A1 /* Project object */;
}
